
Microsoft Visual Studio Solution File, Format Version 12.00
# Visual Studio Version 17
VisualStudioVersion = 17.5.33516.290
MinimumVisualStudioVersion = 10.0.40219.1
Project("{8BC9CEB8-8B4A-11D0-8D11-00A0C91BC942}") = "10to16", "10to16.vcxproj", "{A86EC626-DF3B-4707-AC92-AB43AD2465DE}"
EndProject
Global
	GlobalSection(SolutionConfigurationPlatforms) = preSolution
		Debug|x64 = Debug|x64
		Debug|x86 = Debug|x86
		Release|x64 = Release|x64
		Release|x86 = Release|x86
	EndGlobalSection
	GlobalSection(ProjectConfigurationPlatforms) = postSolution
		{A86EC626-DF3B-4707-AC92-AB43AD2465DE}.Debug|x64.ActiveCfg = Debug|x64
		{A86EC626-DF3B-4707-AC92-AB43AD2465DE}.Debug|x64.Build.0 = Debug|x64
		{A86EC626-DF3B-4707-AC92-AB43AD2465DE}.Debug|x86.ActiveCfg = Debug|Win32
		{A86EC626-DF3B-4707-AC92-AB43AD2465DE}.Debug|x86.Build.0 = Debug|Win32
		{A86EC626-DF3B-4707-AC92-AB43AD2465DE}.Release|x64.ActiveCfg = Release|x64
		{A86EC626-DF3B-4707-AC92-AB43AD2465DE}.Release|x64.Build.0 = Release|x64
		{A86EC626-DF3B-4707-AC92-AB43AD2465DE}.Release|x86.ActiveCfg = Release|Win32
		{A86EC626-DF3B-4707-AC92-AB43AD2465DE}.Release|x86.Build.0 = Release|Win32
	EndGlobalSection
	GlobalSection(SolutionProperties) = preSolution
		HideSolutionNode = FALSE
	EndGlobalSection
	GlobalSection(ExtensibilityGlobals) = postSolution
		SolutionGuid = {1ECCDB07-8A76-4FCA-B762-8B2409AC975E}
	EndGlobalSection
EndGlobal
